// !$*UTF8*$!
{
	archiveVersion = 1;
	classes = {
	};
	objectVersion = 56;
	objects = {

/* Begin PBXBuildFile section */
		64B42F1B2B5D41B6005F6056 /* InstagramApp.swift in Sources */ = {isa = PBXBuildFile; fileRef = 64B42F1A2B5D41B6005F6056 /* InstagramApp.swift */; };
		64B42F1D2B5D41B6005F6056 /* ContentView.swift in Sources */ = {isa = PBXBuildFile; fileRef = 64B42F1C2B5D41B6005F6056 /* ContentView.swift */; };
		64B42F1F2B5D41B8005F6056 /* Assets.xcassets in Resources */ = {isa = PBXBuildFile; fileRef = 64B42F1E2B5D41B8005F6056 /* Assets.xcassets */; };
		64B42F222B5D41B8005F6056 /* Preview Assets.xcassets in Resources */ = {isa = PBXBuildFile; fileRef = 64B42F212B5D41B8005F6056 /* Preview Assets.xcassets */; };
		64B42F2A2B5D429B005F6056 /* FormField.swift in Sources */ = {isa = PBXBuildFile; fileRef = 64B42F292B5D429B005F6056 /* FormField.swift */; };
		64B42F2D2B5D6147005F6056 /* SiginView.swift in Sources */ = {isa = PBXBuildFile; fileRef = 64B42F2C2B5D6147005F6056 /* SiginView.swift */; };
		64B42F2F2B5D7233005F6056 /* ButtonModifiers.swift in Sources */ = {isa = PBXBuildFile; fileRef = 64B42F2E2B5D7233005F6056 /* ButtonModifiers.swift */; };
		64B42F312B5D7468005F6056 /* SignUpView.swift in Sources */ = {isa = PBXBuildFile; fileRef = 64B42F302B5D7468005F6056 /* SignUpView.swift */; };
		64B42F342B5D75FA005F6056 /* ImagePicker.swift in Sources */ = {isa = PBXBuildFile; fileRef = 64B42F332B5D75FA005F6056 /* ImagePicker.swift */; };
		64B42F362B5D80E1005F6056 /* PermissionManager.swift in Sources */ = {isa = PBXBuildFile; fileRef = 64B42F352B5D80E1005F6056 /* PermissionManager.swift */; };
/* End PBXBuildFile section */

/* Begin PBXFileReference section */
		64B42F172B5D41B6005F6056 /* Instagram.app */ = {isa = PBXFileReference; explicitFileType = wrapper.application; includeInIndex = 0; path = Instagram.app; sourceTree = BUILT_PRODUCTS_DIR; };
		64B42F1A2B5D41B6005F6056 /* InstagramApp.swift */ = {isa = PBXFileReference; lastKnownFileType = sourcecode.swift; path = InstagramApp.swift; sourceTree = "<group>"; };
		64B42F1C2B5D41B6005F6056 /* ContentView.swift */ = {isa = PBXFileReference; lastKnownFileType = sourcecode.swift; path = ContentView.swift; sourceTree = "<group>"; };
		64B42F1E2B5D41B8005F6056 /* Assets.xcassets */ = {isa = PBXFileReference; lastKnownFileType = folder.assetcatalog; path = Assets.xcassets; sourceTree = "<group>"; };
		64B42F212B5D41B8005F6056 /* Preview Assets.xcassets */ = {isa = PBXFileReference; lastKnownFileType = folder.assetcatalog; path = "Preview Assets.xcassets"; sourceTree = "<group>"; };
		64B42F292B5D429B005F6056 /* FormField.swift */ = {isa = PBXFileReference; lastKnownFileType = sourcecode.swift; path = FormField.swift; sourceTree = "<group>"; };
		64B42F2C2B5D6147005F6056 /* SiginView.swift */ = {isa = PBXFileReference; lastKnownFileType = sourcecode.swift; path = SiginView.swift; sourceTree = "<group>"; };
		64B42F2E2B5D7233005F6056 /* ButtonModifiers.swift */ = {isa = PBXFileReference; lastKnownFileType = sourcecode.swift; path = ButtonModifiers.swift; sourceTree = "<group>"; };
		64B42F302B5D7468005F6056 /* SignUpView.swift */ = {isa = PBXFileReference; lastKnownFileType = sourcecode.swift; path = SignUpView.swift; sourceTree = "<group>"; };
		64B42F332B5D75FA005F6056 /* ImagePicker.swift */ = {isa = PBXFileReference; lastKnownFileType = sourcecode.swift; path = ImagePicker.swift; sourceTree = "<group>"; };
		64B42F352B5D80E1005F6056 /* PermissionManager.swift */ = {isa = PBXFileReference; lastKnownFileType = sourcecode.swift; path = PermissionManager.swift; sourceTree = "<group>"; };
/* End PBXFileReference section */

/* Begin PBXFrameworksBuildPhase section */
		64B42F142B5D41B6005F6056 /* Frameworks */ = {
			isa = PBXFrameworksBuildPhase;
			buildActionMask = 2147483647;
			files = (
			);
			runOnlyForDeploymentPostprocessing = 0;
		};
/* End PBXFrameworksBuildPhase section */

/* Begin PBXGroup section */
		64B42F0E2B5D41B6005F6056 = {
			isa = PBXGroup;
			children = (
				64B42F192B5D41B6005F6056 /* Instagram */,
				64B42F182B5D41B6005F6056 /* Products */,
			);
			sourceTree = "<group>";
		};
		64B42F182B5D41B6005F6056 /* Products */ = {
			isa = PBXGroup;
			children = (
				64B42F172B5D41B6005F6056 /* Instagram.app */,
			);
			name = Products;
			sourceTree = "<group>";
		};
		64B42F192B5D41B6005F6056 /* Instagram */ = {
			isa = PBXGroup;
			children = (
				64B42F352B5D80E1005F6056 /* PermissionManager.swift */,
				64B42F1A2B5D41B6005F6056 /* InstagramApp.swift */,
				64B42F1C2B5D41B6005F6056 /* ContentView.swift */,
				64B42F322B5D75DB005F6056 /* Utilities */,
				64B42F2B2B5D6137005F6056 /* Views */,
				64B42F282B5D4279005F6056 /* Component */,
				64B42F1E2B5D41B8005F6056 /* Assets.xcassets */,
				64B42F202B5D41B8005F6056 /* Preview Content */,
			);
			path = Instagram;
			sourceTree = "<group>";
		};
		64B42F202B5D41B8005F6056 /* Preview Content */ = {
			isa = PBXGroup;
			children = (
				64B42F212B5D41B8005F6056 /* Preview Assets.xcassets */,
			);
			path = "Preview Content";
			sourceTree = "<group>";
		};
		64B42F282B5D4279005F6056 /* Component */ = {
			isa = PBXGroup;
			children = (
				64B42F292B5D429B005F6056 /* FormField.swift */,
				64B42F2E2B5D7233005F6056 /* ButtonModifiers.swift */,
			);
			path = Component;
			sourceTree = "<group>";
		};
		64B42F2B2B5D6137005F6056 /* Views */ = {
			isa = PBXGroup;
			children = (
				64B42F2C2B5D6147005F6056 /* SiginView.swift */,
				64B42F302B5D7468005F6056 /* SignUpView.swift */,
			);
			path = Views;
			sourceTree = "<group>";
		};
		64B42F322B5D75DB005F6056 /* Utilities */ = {
			isa = PBXGroup;
			children = (
				64B42F332B5D75FA005F6056 /* ImagePicker.swift */,
			);
			path = Utilities;
			sourceTree = "<group>";
		};
/* End PBXGroup section */

/* Begin PBXNativeTarget section */
		64B42F162B5D41B6005F6056 /* Instagram */ = {
			isa = PBXNativeTarget;
			buildConfigurationList = 64B42F252B5D41B8005F6056 /* Build configuration list for PBXNativeTarget "Instagram" */;
			buildPhases = (
				64B42F132B5D41B6005F6056 /* Sources */,
				64B42F142B5D41B6005F6056 /* Frameworks */,
				64B42F152B5D41B6005F6056 /* Resources */,
			);
			buildRules = (
			);
			dependencies = (
			);
			name = Instagram;
			productName = Instagram;
			productReference = 64B42F172B5D41B6005F6056 /* Instagram.app */;
			productType = "com.apple.product-type.application";
		};
/* End PBXNativeTarget section */

/* Begin PBXProject section */
		64B42F0F2B5D41B6005F6056 /* Project object */ = {
			isa = PBXProject;
			attributes = {
				BuildIndependentTargetsInParallel = 1;
				LastSwiftUpdateCheck = 1520;
				LastUpgradeCheck = 1520;
				TargetAttributes = {
					64B42F162B5D41B6005F6056 = {
						CreatedOnToolsVersion = 15.2;
					};
				};
			};
			buildConfigurationList = 64B42F122B5D41B6005F6056 /* Build configuration list for PBXProject "Instagram" */;
			compatibilityVersion = "Xcode 14.0";
			developmentRegion = en;
			hasScannedForEncodings = 0;
			knownRegions = (
				en,
				Base,
			);
			mainGroup = 64B42F0E2B5D41B6005F6056;
			productRefGroup = 64B42F182B5D41B6005F6056 /* Products */;
			projectDirPath = "";
			projectRoot = "";
			targets = (
				64B42F162B5D41B6005F6056 /* Instagram */,
			);
		};
/* End PBXProject section */

/* Begin PBXResourcesBuildPhase section */
		64B42F152B5D41B6005F6056 /* Resources */ = {
			isa = PBXResourcesBuildPhase;
			buildActionMask = 2147483647;
			files = (
				64B42F222B5D41B8005F6056 /* Preview Assets.xcassets in Resources */,
				64B42F1F2B5D41B8005F6056 /* Assets.xcassets in Resources */,
			);
			runOnlyForDeploymentPostprocessing = 0;
		};
/* End PBXResourcesBuildPhase section */

/* Begin PBXSourcesBuildPhase section */
		64B42F132B5D41B6005F6056 /* Sources */ = {
			isa = PBXSourcesBuildPhase;
			buildActionMask = 2147483647;
			files = (
				64B42F2A2B5D429B005F6056 /* FormField.swift in Sources */,
				64B42F1D2B5D41B6005F6056 /* ContentView.swift in Sources */,
				64B42F2F2B5D7233005F6056 /* ButtonModifiers.swift in Sources */,
				64B42F342B5D75FA005F6056 /* ImagePicker.swift in Sources */,
				64B42F1B2B5D41B6005F6056 /* InstagramApp.swift in Sources */,
				64B42F312B5D7468005F6056 /* SignUpView.swift in Sources */,
				64B42F362B5D80E1005F6056 /* PermissionManager.swift in Sources */,
				64B42F2D2B5D6147005F6056 /* SiginView.swift in Sources */,
			);
			runOnlyForDeploymentPostprocessing = 0;
		};
/* End PBXSourcesBuildPhase section */

/* Begin XCBuildConfiguration section */
		64B42F232B5D41B8005F6056 /* Debug */ = {
			isa = XCBuildConfiguration;
			buildSettings = {
				ALWAYS_SEARCH_USER_PATHS = NO;
				ASSETCATALOG_COMPILER_GENERATE_SWIFT_ASSET_SYMBOL_EXTENSIONS = YES;
				CLANG_ANALYZER_NONNULL = YES;
				CLANG_ANALYZER_NUMBER_OBJECT_CONVERSION = YES_AGGRESSIVE;
				CLANG_CXX_LANGUAGE_STANDARD = "gnu++20";
				CLANG_ENABLE_MODULES = YES;
				CLANG_ENABLE_OBJC_ARC = YES;
				CLANG_ENABLE_OBJC_WEAK = YES;
				CLANG_WARN_BLOCK_CAPTURE_AUTORELEASING = YES;
				CLANG_WARN_BOOL_CONVERSION = YES;
				CLANG_WARN_COMMA = YES;
				CLANG_WARN_CONSTANT_CONVERSION = YES;
				CLANG_WARN_DEPRECATED_OBJC_IMPLEMENTATIONS = YES;
				CLANG_WARN_DIRECT_OBJC_ISA_USAGE = YES_ERROR;
				CLANG_WARN_DOCUMENTATION_COMMENTS = YES;
				CLANG_WARN_EMPTY_BODY = YES;
				CLANG_WARN_ENUM_CONVERSION = YES;
				CLANG_WARN_INFINITE_RECURSION = YES;
				CLANG_WARN_INT_CONVERSION = YES;
				CLANG_WARN_NON_LITERAL_NULL_CONVERSION = YES;
				CLANG_WARN_OBJC_IMPLICIT_RETAIN_SELF = YES;
				CLANG_WARN_OBJC_LITERAL_CONVERSION = YES;
				CLANG_WARN_OBJC_ROOT_CLASS = YES_ERROR;
				CLANG_WARN_QUOTED_INCLUDE_IN_FRAMEWORK_HEADER = YES;
				CLANG_WARN_RANGE_LOOP_ANALYSIS = YES;
				CLANG_WARN_STRICT_PROTOTYPES = YES;
				CLANG_WARN_SUSPICIOUS_MOVE = YES;
				CLANG_WARN_UNGUARDED_AVAILABILITY = YES_AGGRESSIVE;
				CLANG_WARN_UNREACHABLE_CODE = YES;
				CLANG_WARN__DUPLICATE_METHOD_MATCH = YES;
				COPY_PHASE_STRIP = NO;
				DEBUG_INFORMATION_FORMAT = dwarf;
				ENABLE_STRICT_OBJC_MSGSEND = YES;
				ENABLE_TESTABILITY = YES;
				ENABLE_USER_SCRIPT_SANDBOXING = YES;
				GCC_C_LANGUAGE_STANDARD = gnu17;
				GCC_DYNAMIC_NO_PIC = NO;
				GCC_NO_COMMON_BLOCKS = YES;
				GCC_OPTIMIZATION_LEVEL = 0;
				GCC_PREPROCESSOR_DEFINITIONS = (
					"DEBUG=1",
					"$(inherited)",
				);
				GCC_WARN_64_TO_32_BIT_CONVERSION = YES;
				GCC_WARN_ABOUT_RETURN_TYPE = YES_ERROR;
				GCC_WARN_UNDECLARED_SELECTOR = YES;
				GCC_WARN_UNINITIALIZED_AUTOS = YES_AGGRESSIVE;
				GCC_WARN_UNUSED_FUNCTION = YES;
				GCC_WARN_UNUSED_VARIABLE = YES;
				IPHONEOS_DEPLOYMENT_TARGET = 17.2;
				LOCALIZATION_PREFERS_STRING_CATALOGS = YES;
				MTL_ENABLE_DEBUG_INFO = INCLUDE_SOURCE;
				MTL_FAST_MATH = YES;
				ONLY_ACTIVE_ARCH = YES;
				SDKROOT = iphoneos;
				SWIFT_ACTIVE_COMPILATION_CONDITIONS = "DEBUG $(inherited)";
				SWIFT_OPTIMIZATION_LEVEL = "-Onone";
			};
			name = Debug;
		};
		64B42F242B5D41B8005F6056 /* Release */ = {
			isa = XCBuildConfiguration;
			buildSettings = {
				ALWAYS_SEARCH_USER_PATHS = NO;
				ASSETCATALOG_COMPILER_GENERATE_SWIFT_ASSET_SYMBOL_EXTENSIONS = YES;
				CLANG_ANALYZER_NONNULL = YES;
				CLANG_ANALYZER_NUMBER_OBJECT_CONVERSION = YES_AGGRESSIVE;
				CLANG_CXX_LANGUAGE_STANDARD = "gnu++20";
				CLANG_ENABLE_MODULES = YES;
				CLANG_ENABLE_OBJC_ARC = YES;
				CLANG_ENABLE_OBJC_WEAK = YES;
				CLANG_WARN_BLOCK_CAPTURE_AUTORELEASING = YES;
				CLANG_WARN_BOOL_CONVERSION = YES;
				CLANG_WARN_COMMA = YES;
				CLANG_WARN_CONSTANT_CONVERSION = YES;
				CLANG_WARN_DEPRECATED_OBJC_IMPLEMENTATIONS = YES;
				CLANG_WARN_DIRECT_OBJC_ISA_USAGE = YES_ERROR;
				CLANG_WARN_DOCUMENTATION_COMMENTS = YES;
				CLANG_WARN_EMPTY_BODY = YES;
				CLANG_WARN_ENUM_CONVERSION = YES;
				CLANG_WARN_INFINITE_RECURSION = YES;
				CLANG_WARN_INT_CONVERSION = YES;
				CLANG_WARN_NON_LITERAL_NULL_CONVERSION = YES;
				CLANG_WARN_OBJC_IMPLICIT_RETAIN_SELF = YES;
				CLANG_WARN_OBJC_LITERAL_CONVERSION = YES;
				CLANG_WARN_OBJC_ROOT_CLASS = YES_ERROR;
				CLANG_WARN_QUOTED_INCLUDE_IN_FRAMEWORK_HEADER = YES;
				CLANG_WARN_RANGE_LOOP_ANALYSIS = YES;
				CLANG_WARN_STRICT_PROTOTYPES = YES;
				CLANG_WARN_SUSPICIOUS_MOVE = YES;
				CLANG_WARN_UNGUARDED_AVAILABILITY = YES_AGGRESSIVE;
				CLANG_WARN_UNREACHABLE_CODE = YES;
				CLANG_WARN__DUPLICATE_METHOD_MATCH = YES;
				COPY_PHASE_STRIP = NO;
				DEBUG_INFORMATION_FORMAT = "dwarf-with-dsym";
				ENABLE_NS_ASSERTIONS = NO;
				ENABLE_STRICT_OBJC_MSGSEND = YES;
				ENABLE_USER_SCRIPT_SANDBOXING = YES;
				GCC_C_LANGUAGE_STANDARD = gnu17;
				GCC_NO_COMMON_BLOCKS = YES;
				GCC_WARN_64_TO_32_BIT_CONVERSION = YES;
				GCC_WARN_ABOUT_RETURN_TYPE = YES_ERROR;
				GCC_WARN_UNDECLARED_SELECTOR = YES;
				GCC_WARN_UNINITIALIZED_AUTOS = YES_AGGRESSIVE;
				GCC_WARN_UNUSED_FUNCTION = YES;
				GCC_WARN_UNUSED_VARIABLE = YES;
				IPHONEOS_DEPLOYMENT_TARGET = 17.2;
				LOCALIZATION_PREFERS_STRING_CATALOGS = YES;
				MTL_ENABLE_DEBUG_INFO = NO;
				MTL_FAST_MATH = YES;
				SDKROOT = iphoneos;
				SWIFT_COMPILATION_MODE = wholemodule;
				VALIDATE_PRODUCT = YES;
			};
			name = Release;
		};
		64B42F262B5D41B8005F6056 /* Debug */ = {
			isa = XCBuildConfiguration;
			buildSettings = {
				ASSETCATALOG_COMPILER_APPICON_NAME = AppIcon;
				ASSETCATALOG_COMPILER_GLOBAL_ACCENT_COLOR_NAME = AccentColor;
				CODE_SIGN_STYLE = Automatic;
				CURRENT_PROJECT_VERSION = 1;
				DEVELOPMENT_ASSET_PATHS = "\"Instagram/Preview Content\"";
				DEVELOPMENT_TEAM = KKR332Q2BZ;
				ENABLE_PREVIEWS = YES;
				GENERATE_INFOPLIST_FILE = YES;
				INFOPLIST_KEY_NSCameraUsageDescription = "A message that tells the user why the app is requesting access to the device’s camera.";
				INFOPLIST_KEY_NSPhotoLibraryAddUsageDescription = "A message that tells the user why the app is requesting access to the device’s albume.";
				INFOPLIST_KEY_UIApplicationSceneManifest_Generation = YES;
				INFOPLIST_KEY_UIApplicationSupportsIndirectInputEvents = YES;
				INFOPLIST_KEY_UILaunchScreen_Generation = YES;
				INFOPLIST_KEY_UISupportedInterfaceOrientations_iPad = "UIInterfaceOrientationPortrait UIInterfaceOrientationPortraitUpsideDown UIInterfaceOrientationLandscapeLeft UIInterfaceOrientationLandscapeRight";
				INFOPLIST_KEY_UISupportedInterfaceOrientations_iPhone = "UIInterfaceOrientationPortrait UIInterfaceOrientationLandscapeLeft UIInterfaceOrientationLandscapeRight";
				LD_RUNPATH_SEARCH_PATHS = (
					"$(inherited)",
					"@executable_path/Frameworks",
				);
				MARKETING_VERSION = 1.0;
				PRODUCT_BUNDLE_IDENTIFIER = com.ronnie.Instagram;
				PRODUCT_NAME = "$(TARGET_NAME)";
				SWIFT_EMIT_LOC_STRINGS = YES;
				SWIFT_VERSION = 5.0;
				TARGETED_DEVICE_FAMILY = "1,2";
			};
			name = Debug;
		};
		64B42F272B5D41B8005F6056 /* Release */ = {
			isa = XCBuildConfiguration;
			buildSettings = {
				ASSETCATALOG_COMPILER_APPICON_NAME = AppIcon;
				ASSETCATALOG_COMPILER_GLOBAL_ACCENT_COLOR_NAME = AccentColor;
				CODE_SIGN_STYLE = Automatic;
				CURRENT_PROJECT_VERSION = 1;
				DEVELOPMENT_ASSET_PATHS = "\"Instagram/Preview Content\"";
				DEVELOPMENT_TEAM = KKR332Q2BZ;
				ENABLE_PREVIEWS = YES;
				GENERATE_INFOPLIST_FILE = YES;
				INFOPLIST_KEY_NSCameraUsageDescription = "A message that tells the user why the app is requesting access to the device’s camera.";
				INFOPLIST_KEY_NSPhotoLibraryAddUsageDescription = "A message that tells the user why the app is requesting access to the device’s albume.";
				INFOPLIST_KEY_UIApplicationSceneManifest_Generation = YES;
				INFOPLIST_KEY_UIApplicationSupportsIndirectInputEvents = YES;
				INFOPLIST_KEY_UILaunchScreen_Generation = YES;
				INFOPLIST_KEY_UISupportedInterfaceOrientations_iPad = "UIInterfaceOrientationPortrait UIInterfaceOrientationPortraitUpsideDown UIInterfaceOrientationLandscapeLeft UIInterfaceOrientationLandscapeRight";
				INFOPLIST_KEY_UISupportedInterfaceOrientations_iPhone = "UIInterfaceOrientationPortrait UIInterfaceOrientationLandscapeLeft UIInterfaceOrientationLandscapeRight";
				LD_RUNPATH_SEARCH_PATHS = (
					"$(inherited)",
					"@executable_path/Frameworks",
				);
				MARKETING_VERSION = 1.0;
				PRODUCT_BUNDLE_IDENTIFIER = com.ronnie.Instagram;
				PRODUCT_NAME = "$(TARGET_NAME)";
				SWIFT_EMIT_LOC_STRINGS = YES;
				SWIFT_VERSION = 5.0;
				TARGETED_DEVICE_FAMILY = "1,2";
			};
			name = Release;
		};
/* End XCBuildConfiguration section */

/* Begin XCConfigurationList section */
		64B42F122B5D41B6005F6056 /* Build configuration list for PBXProject "Instagram" */ = {
			isa = XCConfigurationList;
			buildConfigurations = (
				64B42F232B5D41B8005F6056 /* Debug */,
				64B42F242B5D41B8005F6056 /* Release */,
			);
			defaultConfigurationIsVisible = 0;
			defaultConfigurationName = Release;
		};
		64B42F252B5D41B8005F6056 /* Build configuration list for PBXNativeTarget "Instagram" */ = {
			isa = XCConfigurationList;
			buildConfigurations = (
				64B42F262B5D41B8005F6056 /* Debug */,
				64B42F272B5D41B8005F6056 /* Release */,
			);
			defaultConfigurationIsVisible = 0;
			defaultConfigurationName = Release;
		};
/* End XCConfigurationList section */
	};
	rootObject = 64B42F0F2B5D41B6005F6056 /* Project object */;
}
